
Microsoft Visual Studio Solution File, Format Version 12.00
# Visual Studio Version 16
VisualStudioVersion = 16.0.30717.126
MinimumVisualStudioVersion = 10.0.40219.1
Project("{9A19103F-16F7-4668-BE54-9A1E7A4F7556}") = "WindowsFormsNet50", "WindowsFormsNet50\WindowsFormsNet50.csproj", "{70565BF5-E894-4B47-8E19-E2C075311A90}"
EndProject
Project("{9A19103F-16F7-4668-BE54-9A1E7A4F7556}") = "WpfNet50", "WpfNet50\WpfNet50.csproj", "{11F86ECB-90DD-4DE6-88FA-4B45361BE6F5}"
EndProject
Global
	GlobalSection(SolutionConfigurationPlatforms) = preSolution
		Debug|Any CPU = Debug|Any CPU
		Release|Any CPU = Release|Any CPU
	EndGlobalSection
	GlobalSection(ProjectConfigurationPlatforms) = postSolution
		{70565BF5-E894-4B47-8E19-E2C075311A90}.Debug|Any CPU.ActiveCfg = Debug|Any CPU
		{70565BF5-E894-4B47-8E19-E2C075311A90}.Debug|Any CPU.Build.0 = Debug|Any CPU
		{70565BF5-E894-4B47-8E19-E2C075311A90}.Release|Any CPU.ActiveCfg = Release|Any CPU
		{70565BF5-E894-4B47-8E19-E2C075311A90}.Release|Any CPU.Build.0 = Release|Any CPU
		{11F86ECB-90DD-4DE6-88FA-4B45361BE6F5}.Debug|Any CPU.ActiveCfg = Debug|Any CPU
		{11F86ECB-90DD-4DE6-88FA-4B45361BE6F5}.Debug|Any CPU.Build.0 = Debug|Any CPU
		{11F86ECB-90DD-4DE6-88FA-4B45361BE6F5}.Release|Any CPU.ActiveCfg = Release|Any CPU
		{11F86ECB-90DD-4DE6-88FA-4B45361BE6F5}.Release|Any CPU.Build.0 = Release|Any CPU
	EndGlobalSection
	GlobalSection(SolutionProperties) = preSolution
		HideSolutionNode = FALSE
	EndGlobalSection
	GlobalSection(ExtensibilityGlobals) = postSolution
		SolutionGuid = {F0104F40-674A-482C-9CF0-2ED4A2EF957D}
	EndGlobalSection
EndGlobal
