
Microsoft Visual Studio Solution File, Format Version 12.00
# Visual Studio Version 16
VisualStudioVersion = 16.0.30717.126
MinimumVisualStudioVersion = 10.0.40219.1
Project("{FAE04EC0-301F-11D3-BF4B-00C04F79EFBC}") = "WindowsFormsNet50", "WindowsFormsNet50\WindowsFormsNet50.csproj", "{70565BF5-E894-4B47-8E19-E2C075311A90}"
EndProject
Global
	GlobalSection(SolutionConfigurationPlatforms) = preSolution
		Debug|Any CPU = Debug|Any CPU
		Release|Any CPU = Release|Any CPU
	EndGlobalSection
	GlobalSection(ProjectConfigurationPlatforms) = postSolution
		{70565BF5-E894-4B47-8E19-E2C075311A90}.Debug|Any CPU.ActiveCfg = Debug|Any CPU
		{70565BF5-E894-4B47-8E19-E2C075311A90}.Debug|Any CPU.Build.0 = Debug|Any CPU
		{70565BF5-E894-4B47-8E19-E2C075311A90}.Release|Any CPU.ActiveCfg = Release|Any CPU
		{70565BF5-E894-4B47-8E19-E2C075311A90}.Release|Any CPU.Build.0 = Release|Any CPU
	EndGlobalSection
	GlobalSection(SolutionProperties) = preSolution
		HideSolutionNode = FALSE
	EndGlobalSection
	GlobalSection(ExtensibilityGlobals) = postSolution
		SolutionGuid = {F0104F40-674A-482C-9CF0-2ED4A2EF957D}
	EndGlobalSection
EndGlobal
